
Microsoft Visual Studio Solution File, Format Version 12.00
# Visual Studio Version 17
VisualStudioVersion = 17.0.31903.59
MinimumVisualStudioVersion = 10.0.40219.1
Project("{2150E333-8FDC-42A3-9474-1A3956D46DE8}") = "src", "src", "{827E0CD3-B72D-47B6-A68D-7590B98EB39B}"
EndProject
Project("{FAE04EC0-301F-11D3-BF4B-00C04F79EFBC}") = "SpecRunner.Core", "src\SpecRunner.Core\SpecRunner.Core.csproj", "{FFA9C2CD-0210-4F28-915B-C82165B39C88}"
EndProject
Project("{FAE04EC0-301F-11D3-BF4B-00C04F79EFBC}") = "SpecRunner.Git", "src\SpecRunner.Git\SpecRunner.Git.csproj", "{869DFED0-5BE8-430E-8D1C-735073706698}"
EndProject
Project("{FAE04EC0-301F-11D3-BF4B-00C04F79EFBC}") = "SpecRunner.GitHub", "src\SpecRunner.GitHub\SpecRunner.GitHub.csproj", "{6644A152-36E5-4D9A-B25D-4BDA9B13550B}"
EndProject
Project("{FAE04EC0-301F-11D3-BF4B-00C04F79EFBC}") = "SpecRunner.State", "src\SpecRunner.State\SpecRunner.State.csproj", "{5FD97934-B69B-4D7F-BAF4-FFECD28CD6A5}"
EndProject
Project("{FAE04EC0-301F-11D3-BF4B-00C04F79EFBC}") = "SpecRunner.Console", "src\SpecRunner.Console\SpecRunner.Console.csproj", "{D51B26A5-DB3C-4F81-903A-CE0658631DC2}"
EndProject
Project("{2150E333-8FDC-42A3-9474-1A3956D46DE8}") = "tests", "tests", "{0AB3BF05-4346-4AA6-1389-037BE0695223}"
EndProject
Project("{FAE04EC0-301F-11D3-BF4B-00C04F79EFBC}") = "SpecRunner.Tests", "tests\SpecRunner.Tests\SpecRunner.Tests.csproj", "{D250D6B3-8BA3-4FAD-9620-9F47D5A54BF5}"
EndProject
Global
	GlobalSection(SolutionConfigurationPlatforms) = preSolution
		Debug|Any CPU = Debug|Any CPU
		Debug|x64 = Debug|x64
		Debug|x86 = Debug|x86
		Release|Any CPU = Release|Any CPU
		Release|x64 = Release|x64
		Release|x86 = Release|x86
	EndGlobalSection
	GlobalSection(ProjectConfigurationPlatforms) = postSolution
		{FFA9C2CD-0210-4F28-915B-C82165B39C88}.Debug|Any CPU.ActiveCfg = Debug|Any CPU
		{FFA9C2CD-0210-4F28-915B-C82165B39C88}.Debug|Any CPU.Build.0 = Debug|Any CPU
		{FFA9C2CD-0210-4F28-915B-C82165B39C88}.Debug|x64.ActiveCfg = Debug|Any CPU
		{FFA9C2CD-0210-4F28-915B-C82165B39C88}.Debug|x64.Build.0 = Debug|Any CPU
		{FFA9C2CD-0210-4F28-915B-C82165B39C88}.Debug|x86.ActiveCfg = Debug|Any CPU
		{FFA9C2CD-0210-4F28-915B-C82165B39C88}.Debug|x86.Build.0 = Debug|Any CPU
		{FFA9C2CD-0210-4F28-915B-C82165B39C88}.Release|Any CPU.ActiveCfg = Release|Any CPU
		{FFA9C2CD-0210-4F28-915B-C82165B39C88}.Release|Any CPU.Build.0 = Release|Any CPU
		{FFA9C2CD-0210-4F28-915B-C82165B39C88}.Release|x64.ActiveCfg = Release|Any CPU
		{FFA9C2CD-0210-4F28-915B-C82165B39C88}.Release|x64.Build.0 = Release|Any CPU
		{FFA9C2CD-0210-4F28-915B-C82165B39C88}.Release|x86.ActiveCfg = Release|Any CPU
		{FFA9C2CD-0210-4F28-915B-C82165B39C88}.Release|x86.Build.0 = Release|Any CPU
		{869DFED0-5BE8-430E-8D1C-735073706698}.Debug|Any CPU.ActiveCfg = Debug|Any CPU
		{869DFED0-5BE8-430E-8D1C-735073706698}.Debug|Any CPU.Build.0 = Debug|Any CPU
		{869DFED0-5BE8-430E-8D1C-735073706698}.Debug|x64.ActiveCfg = Debug|Any CPU
		{869DFED0-5BE8-430E-8D1C-735073706698}.Debug|x64.Build.0 = Debug|Any CPU
		{869DFED0-5BE8-430E-8D1C-735073706698}.Debug|x86.ActiveCfg = Debug|Any CPU
		{869DFED0-5BE8-430E-8D1C-735073706698}.Debug|x86.Build.0 = Debug|Any CPU
		{869DFED0-5BE8-430E-8D1C-735073706698}.Release|Any CPU.ActiveCfg = Release|Any CPU
		{869DFED0-5BE8-430E-8D1C-735073706698}.Release|Any CPU.Build.0 = Release|Any CPU
		{869DFED0-5BE8-430E-8D1C-735073706698}.Release|x64.ActiveCfg = Release|Any CPU
		{869DFED0-5BE8-430E-8D1C-735073706698}.Release|x64.Build.0 = Release|Any CPU
		{869DFED0-5BE8-430E-8D1C-735073706698}.Release|x86.ActiveCfg = Release|Any CPU
		{869DFED0-5BE8-430E-8D1C-735073706698}.Release|x86.Build.0 = Release|Any CPU
		{6644A152-36E5-4D9A-B25D-4BDA9B13550B}.Debug|Any CPU.ActiveCfg = Debug|Any CPU
		{6644A152-36E5-4D9A-B25D-4BDA9B13550B}.Debug|Any CPU.Build.0 = Debug|Any CPU
		{6644A152-36E5-4D9A-B25D-4BDA9B13550B}.Debug|x64.ActiveCfg = Debug|Any CPU
		{6644A152-36E5-4D9A-B25D-4BDA9B13550B}.Debug|x64.Build.0 = Debug|Any CPU
		{6644A152-36E5-4D9A-B25D-4BDA9B13550B}.Debug|x86.ActiveCfg = Debug|Any CPU
		{6644A152-36E5-4D9A-B25D-4BDA9B13550B}.Debug|x86.Build.0 = Debug|Any CPU
		{6644A152-36E5-4D9A-B25D-4BDA9B13550B}.Release|Any CPU.ActiveCfg = Release|Any CPU
		{6644A152-36E5-4D9A-B25D-4BDA9B13550B}.Release|Any CPU.Build.0 = Release|Any CPU
		{6644A152-36E5-4D9A-B25D-4BDA9B13550B}.Release|x64.ActiveCfg = Release|Any CPU
		{6644A152-36E5-4D9A-B25D-4BDA9B13550B}.Release|x64.Build.0 = Release|Any CPU
		{6644A152-36E5-4D9A-B25D-4BDA9B13550B}.Release|x86.ActiveCfg = Release|Any CPU
		{6644A152-36E5-4D9A-B25D-4BDA9B13550B}.Release|x86.Build.0 = Release|Any CPU
		{5FD97934-B69B-4D7F-BAF4-FFECD28CD6A5}.Debug|Any CPU.ActiveCfg = Debug|Any CPU
		{5FD97934-B69B-4D7F-BAF4-FFECD28CD6A5}.Debug|Any CPU.Build.0 = Debug|Any CPU
		{5FD97934-B69B-4D7F-BAF4-FFECD28CD6A5}.Debug|x64.ActiveCfg = Debug|Any CPU
		{5FD97934-B69B-4D7F-BAF4-FFECD28CD6A5}.Debug|x64.Build.0 = Debug|Any CPU
		{5FD97934-B69B-4D7F-BAF4-FFECD28CD6A5}.Debug|x86.ActiveCfg = Debug|Any CPU
		{5FD97934-B69B-4D7F-BAF4-FFECD28CD6A5}.Debug|x86.Build.0 = Debug|Any CPU
		{5FD97934-B69B-4D7F-BAF4-FFECD28CD6A5}.Release|Any CPU.ActiveCfg = Release|Any CPU
		{5FD97934-B69B-4D7F-BAF4-FFECD28CD6A5}.Release|Any CPU.Build.0 = Release|Any CPU
		{5FD97934-B69B-4D7F-BAF4-FFECD28CD6A5}.Release|x64.ActiveCfg = Release|Any CPU
		{5FD97934-B69B-4D7F-BAF4-FFECD28CD6A5}.Release|x64.Build.0 = Release|Any CPU
		{5FD97934-B69B-4D7F-BAF4-FFECD28CD6A5}.Release|x86.ActiveCfg = Release|Any CPU
		{5FD97934-B69B-4D7F-BAF4-FFECD28CD6A5}.Release|x86.Build.0 = Release|Any CPU
		{D51B26A5-DB3C-4F81-903A-CE0658631DC2}.Debug|Any CPU.ActiveCfg = Debug|Any CPU
		{D51B26A5-DB3C-4F81-903A-CE0658631DC2}.Debug|Any CPU.Build.0 = Debug|Any CPU
		{D51B26A5-DB3C-4F81-903A-CE0658631DC2}.Debug|x64.ActiveCfg = Debug|Any CPU
		{D51B26A5-DB3C-4F81-903A-CE0658631DC2}.Debug|x64.Build.0 = Debug|Any CPU
		{D51B26A5-DB3C-4F81-903A-CE0658631DC2}.Debug|x86.ActiveCfg = Debug|Any CPU
		{D51B26A5-DB3C-4F81-903A-CE0658631DC2}.Debug|x86.Build.0 = Debug|Any CPU
		{D51B26A5-DB3C-4F81-903A-CE0658631DC2}.Release|Any CPU.ActiveCfg = Release|Any CPU
		{D51B26A5-DB3C-4F81-903A-CE0658631DC2}.Release|Any CPU.Build.0 = Release|Any CPU
		{D51B26A5-DB3C-4F81-903A-CE0658631DC2}.Release|x64.ActiveCfg = Release|Any CPU
		{D51B26A5-DB3C-4F81-903A-CE0658631DC2}.Release|x64.Build.0 = Release|Any CPU
		{D51B26A5-DB3C-4F81-903A-CE0658631DC2}.Release|x86.ActiveCfg = Release|Any CPU
		{D51B26A5-DB3C-4F81-903A-CE0658631DC2}.Release|x86.Build.0 = Release|Any CPU
		{D250D6B3-8BA3-4FAD-9620-9F47D5A54BF5}.Debug|Any CPU.ActiveCfg = Debug|Any CPU
		{D250D6B3-8BA3-4FAD-9620-9F47D5A54BF5}.Debug|Any CPU.Build.0 = Debug|Any CPU
		{D250D6B3-8BA3-4FAD-9620-9F47D5A54BF5}.Debug|x64.ActiveCfg = Debug|Any CPU
		{D250D6B3-8BA3-4FAD-9620-9F47D5A54BF5}.Debug|x64.Build.0 = Debug|Any CPU
		{D250D6B3-8BA3-4FAD-9620-9F47D5A54BF5}.Debug|x86.ActiveCfg = Debug|Any CPU
		{D250D6B3-8BA3-4FAD-9620-9F47D5A54BF5}.Debug|x86.Build.0 = Debug|Any CPU
		{D250D6B3-8BA3-4FAD-9620-9F47D5A54BF5}.Release|Any CPU.ActiveCfg = Release|Any CPU
		{D250D6B3-8BA3-4FAD-9620-9F47D5A54BF5}.Release|Any CPU.Build.0 = Release|Any CPU
		{D250D6B3-8BA3-4FAD-9620-9F47D5A54BF5}.Release|x64.ActiveCfg = Release|Any CPU
		{D250D6B3-8BA3-4FAD-9620-9F47D5A54BF5}.Release|x64.Build.0 = Release|Any CPU
		{D250D6B3-8BA3-4FAD-9620-9F47D5A54BF5}.Release|x86.ActiveCfg = Release|Any CPU
		{D250D6B3-8BA3-4FAD-9620-9F47D5A54BF5}.Release|x86.Build.0 = Release|Any CPU
	EndGlobalSection
	GlobalSection(SolutionProperties) = preSolution
		HideSolutionNode = FALSE
	EndGlobalSection
	GlobalSection(NestedProjects) = preSolution
		{FFA9C2CD-0210-4F28-915B-C82165B39C88} = {827E0CD3-B72D-47B6-A68D-7590B98EB39B}
		{869DFED0-5BE8-430E-8D1C-735073706698} = {827E0CD3-B72D-47B6-A68D-7590B98EB39B}
		{6644A152-36E5-4D9A-B25D-4BDA9B13550B} = {827E0CD3-B72D-47B6-A68D-7590B98EB39B}
		{5FD97934-B69B-4D7F-BAF4-FFECD28CD6A5} = {827E0CD3-B72D-47B6-A68D-7590B98EB39B}
		{D51B26A5-DB3C-4F81-903A-CE0658631DC2} = {827E0CD3-B72D-47B6-A68D-7590B98EB39B}
		{D250D6B3-8BA3-4FAD-9620-9F47D5A54BF5} = {0AB3BF05-4346-4AA6-1389-037BE0695223}
	EndGlobalSection
EndGlobal
